
Microsoft Visual Studio Solution File, Format Version 12.00
# Visual Studio 2013
VisualStudioVersion = 12.0.40629.0
MinimumVisualStudioVersion = 10.0.40219.1
Project("{FAE04EC0-301F-11D3-BF4B-00C04F79EFBC}") = "DomainEventWorkshop", "DomainEventWorkshop\DomainEventWorkshop.csproj", "{8A441FB4-68A6-43DE-AB53-DA02E9F52792}"
EndProject
Project("{FAE04EC0-301F-11D3-BF4B-00C04F79EFBC}") = "Infra", "Infra\Infra.csproj", "{DCB95BA1-41D6-4839-A865-B1EF05D1DF69}"
EndProject
Global
	GlobalSection(SolutionConfigurationPlatforms) = preSolution
		Debug|Any CPU = Debug|Any CPU
		Release|Any CPU = Release|Any CPU
	EndGlobalSection
	GlobalSection(ProjectConfigurationPlatforms) = postSolution
		{8A441FB4-68A6-43DE-AB53-DA02E9F52792}.Debug|Any CPU.ActiveCfg = Debug|Any CPU
		{8A441FB4-68A6-43DE-AB53-DA02E9F52792}.Debug|Any CPU.Build.0 = Debug|Any CPU
		{8A441FB4-68A6-43DE-AB53-DA02E9F52792}.Release|Any CPU.ActiveCfg = Release|Any CPU
		{8A441FB4-68A6-43DE-AB53-DA02E9F52792}.Release|Any CPU.Build.0 = Release|Any CPU
		{DCB95BA1-41D6-4839-A865-B1EF05D1DF69}.Debug|Any CPU.ActiveCfg = Debug|Any CPU
		{DCB95BA1-41D6-4839-A865-B1EF05D1DF69}.Debug|Any CPU.Build.0 = Debug|Any CPU
		{DCB95BA1-41D6-4839-A865-B1EF05D1DF69}.Release|Any CPU.ActiveCfg = Release|Any CPU
		{DCB95BA1-41D6-4839-A865-B1EF05D1DF69}.Release|Any CPU.Build.0 = Release|Any CPU
	EndGlobalSection
	GlobalSection(SolutionProperties) = preSolution
		HideSolutionNode = FALSE
	EndGlobalSection
EndGlobal
